// !$*UTF8*$!
{
	archiveVersion = 1;
	classes = {
	};
	objectVersion = 46;
	objects = {

/* Begin PBXBuildFile section */
		1446494A1891230400E6AEB8 /* FSCluster.m in Sources */ = {isa = PBXBuildFile; fileRef = 144649491891230400E6AEB8 /* FSCluster.m */; };
		1495EFC817753839002EDF1D /* ContactInformation.m in Sources */ = {isa = PBXBuildFile; fileRef = 1495EFC717753839002EDF1D /* ContactInformation.m */; };
		1495EFCB17753F38002EDF1D /* ProfileView.m in Sources */ = {isa = PBXBuildFile; fileRef = 1495EFCA17753F38002EDF1D /* ProfileView.m */; };
		3F94CFEC51744DD5AB1E4E10 /* libPods.a in Frameworks */ = {isa = PBXBuildFile; fileRef = 35E7102A9C2049F2A096F4C1 /* libPods.a */; };
		4D2D3DD2188EBD7000E1A113 /* FSVenue+AttributesVector.m in Sources */ = {isa = PBXBuildFile; fileRef = 4D2D3DD1188EBD7000E1A113 /* FSVenue+AttributesVector.m */; };
		4D649B19188D7C9400D796CE /* screenshot@2x.png in Resources */ = {isa = PBXBuildFile; fileRef = 4D649B18188D7C9400D796CE /* screenshot@2x.png */; };
		4D649B1B188D7CB900D796CE /* screenshot.png in Resources */ = {isa = PBXBuildFile; fileRef = 4D649B1A188D7CB900D796CE /* screenshot.png */; };
		4D649B1E188D808B00D796CE /* FSLoginControllerViewController.m in Sources */ = {isa = PBXBuildFile; fileRef = 4D649B1D188D808B00D796CE /* FSLoginControllerViewController.m */; };
		4D7C3E4817744E6800D191F8 /* VenueDataSource.m in Sources */ = {isa = PBXBuildFile; fileRef = 4D7C3E4717744E6800D191F8 /* VenueDataSource.m */; };
		4D8CE29A1772E2DB008D0738 /* UIAlertView+FSAlerts.m in Sources */ = {isa = PBXBuildFile; fileRef = 4D8CE2991772E2DB008D0738 /* UIAlertView+FSAlerts.m */; };
		4D8CE29C1772E574008D0738 /* clientInfo.plist in Resources */ = {isa = PBXBuildFile; fileRef = 4D8CE29B1772E574008D0738 /* clientInfo.plist */; };
		4D8CE29F1772E6A3008D0738 /* FSMediator.m in Sources */ = {isa = PBXBuildFile; fileRef = 4D8CE29E1772E6A3008D0738 /* FSMediator.m */; };
		4D8EC6D71775843F0029C8FF /* foursquare-icon.png in Resources */ = {isa = PBXBuildFile; fileRef = 4D8EC6D61775843F0029C8FF /* foursquare-icon.png */; };
		4D8EC6D9177586570029C8FF /* Default.png in Resources */ = {isa = PBXBuildFile; fileRef = 4D8EC6D8177586570029C8FF /* Default.png */; };
		4D92187517719CFC002C1DB9 /* FSRequestFactoryMethod.m in Sources */ = {isa = PBXBuildFile; fileRef = 4D92187417719CFC002C1DB9 /* FSRequestFactoryMethod.m */; };
		4D9218791771A09D002C1DB9 /* FSUserRequest.m in Sources */ = {isa = PBXBuildFile; fileRef = 4D9218781771A09D002C1DB9 /* FSUserRequest.m */; };
		4D92187C1771A343002C1DB9 /* FSVenuesRequest.m in Sources */ = {isa = PBXBuildFile; fileRef = 4D92187B1771A343002C1DB9 /* FSVenuesRequest.m */; };
		4D92187F1771A358002C1DB9 /* FSCheckinsRequest.m in Sources */ = {isa = PBXBuildFile; fileRef = 4D92187E1771A358002C1DB9 /* FSCheckinsRequest.m */; };
		4D9218821771A53F002C1DB9 /* FSRequest.m in Sources */ = {isa = PBXBuildFile; fileRef = 4D9218811771A53F002C1DB9 /* FSRequest.m */; };
		4DC8B2D11785D08D00F6536E /* icon-back.png in Resources */ = {isa = PBXBuildFile; fileRef = 4DC8B2CF1785D08D00F6536E /* icon-back.png */; };
		4DC8B2D21785D08D00F6536E /* icon-back@2x.png in Resources */ = {isa = PBXBuildFile; fileRef = 4DC8B2D01785D08D00F6536E /* icon-back@2x.png */; };
		4DC8B2D51785D0EC00F6536E /* UIBarButtonItem+CustomBarButtonItem.m in Sources */ = {isa = PBXBuildFile; fileRef = 4DC8B2D41785D0EC00F6536E /* UIBarButtonItem+CustomBarButtonItem.m */; };
		4DC8B2D81785DF4B00F6536E /* FSCheckInPostRequest.m in Sources */ = {isa = PBXBuildFile; fileRef = 4DC8B2D71785DF4B00F6536E /* FSCheckInPostRequest.m */; };
		7D61193516DE6AB1005AFBEE /* 1099932_orig.png in Resources */ = {isa = PBXBuildFile; fileRef = 7D61193416DE6AB1005AFBEE /* 1099932_orig.png */; };
		7D61193816DE6E7E005AFBEE /* ProfileActionsTableViewController.m in Sources */ = {isa = PBXBuildFile; fileRef = 7D61193716DE6E7D005AFBEE /* ProfileActionsTableViewController.m */; };
		7DBDB1A216DE954E0092D061 /* UIView+Disable.m in Sources */ = {isa = PBXBuildFile; fileRef = 7DBDB1A116DE954E0092D061 /* UIView+Disable.m */; };
		7DBDB1A516DE9B170092D061 /* FSVenueDetalsViewController.m in Sources */ = {isa = PBXBuildFile; fileRef = 7DBDB1A416DE9B160092D061 /* FSVenueDetalsViewController.m */; };
		B3201C34188AE6BB00AA540D /* FSHistoryRequest.m in Sources */ = {isa = PBXBuildFile; fileRef = B3201C33188AE6BB00AA540D /* FSHistoryRequest.m */; };
		B3201C3C188BFB8F00AA540D /* FSConfiguration.m in Sources */ = {isa = PBXBuildFile; fileRef = B3201C3B188BFB8F00AA540D /* FSConfiguration.m */; };
		B3201C3F188C135C00AA540D /* FSTODORequest.m in Sources */ = {isa = PBXBuildFile; fileRef = B3201C3E188C135C00AA540D /* FSTODORequest.m */; };
		B3201C42188C2FF000AA540D /* FSRecommender.m in Sources */ = {isa = PBXBuildFile; fileRef = B3201C41188C2FF000AA540D /* FSRecommender.m */; };
		B3201C45188C4D9300AA540D /* FSCategory.m in Sources */ = {isa = PBXBuildFile; fileRef = B3201C44188C4D9300AA540D /* FSCategory.m */; };
		B3201C47188C7CC100AA540D /* locationIcon@2x.png in Resources */ = {isa = PBXBuildFile; fileRef = B3201C46188C7CC100AA540D /* locationIcon@2x.png */; };
		F317046016D908B100397BF1 /* PlacesViewController.m in Sources */ = {isa = PBXBuildFile; fileRef = F317045F16D908B100397BF1 /* PlacesViewController.m */; };
		F3471ABE16D965CB00DA5A67 /* FSConnectionManager.m in Sources */ = {isa = PBXBuildFile; fileRef = F3471ABD16D965CB00DA5A67 /* FSConnectionManager.m */; };
		F3471AC016D96B5100DA5A67 /* MapKit.framework in Frameworks */ = {isa = PBXBuildFile; fileRef = F3471ABF16D96B5100DA5A67 /* MapKit.framework */; };
		F3471AC216D9720300DA5A67 /* CoreLocation.framework in Frameworks */ = {isa = PBXBuildFile; fileRef = F3471AC116D9720300DA5A67 /* CoreLocation.framework */; };
		F3471AC516D983F600DA5A67 /* FSParser.m in Sources */ = {isa = PBXBuildFile; fileRef = F3471AC416D983F600DA5A67 /* FSParser.m */; };
		F3471AC816D9868B00DA5A67 /* FSVenue.m in Sources */ = {isa = PBXBuildFile; fileRef = F3471AC716D9868B00DA5A67 /* FSVenue.m */; };
		F3471ACB16D98E6600DA5A67 /* FSVenueAnnotation.m in Sources */ = {isa = PBXBuildFile; fileRef = F3471ACA16D98E6600DA5A67 /* FSVenueAnnotation.m */; };
		F3471AD016D99BD300DA5A67 /* FSUser.m in Sources */ = {isa = PBXBuildFile; fileRef = F3471ACF16D99BD300DA5A67 /* FSUser.m */; };
		F3471AD316D99D5400DA5A67 /* ProfileSwipeView.m in Sources */ = {isa = PBXBuildFile; fileRef = F3471AD216D99D5400DA5A67 /* ProfileSwipeView.m */; };
		F3471AD516D99D8500DA5A67 /* QuartzCore.framework in Frameworks */ = {isa = PBXBuildFile; fileRef = F3471AD416D99D8500DA5A67 /* QuartzCore.framework */; };
		F3471AEC16D9B48F00DA5A67 /* up.png in Resources */ = {isa = PBXBuildFile; fileRef = F3471AEA16D9B48F00DA5A67 /* up.png */; };
		F3471AED16D9B48F00DA5A67 /* up@2x.png in Resources */ = {isa = PBXBuildFile; fileRef = F3471AEB16D9B48F00DA5A67 /* up@2x.png */; };
		F3500B2A16DA483100267DD4 /* FSLocationManager.m in Sources */ = {isa = PBXBuildFile; fileRef = F3500B2916DA483100267DD4 /* FSLocationManager.m */; };
		F38C2E0F16D8E0A500969D14 /* UIKit.framework in Frameworks */ = {isa = PBXBuildFile; fileRef = F38C2E0E16D8E0A500969D14 /* UIKit.framework */; };
		F38C2E1116D8E0A500969D14 /* Foundation.framework in Frameworks */ = {isa = PBXBuildFile; fileRef = F38C2E1016D8E0A500969D14 /* Foundation.framework */; };
		F38C2E1316D8E0A500969D14 /* CoreGraphics.framework in Frameworks */ = {isa = PBXBuildFile; fileRef = F38C2E1216D8E0A500969D14 /* CoreGraphics.framework */; };
		F38C2E1916D8E0A500969D14 /* InfoPlist.strings in Resources */ = {isa = PBXBuildFile; fileRef = F38C2E1716D8E0A500969D14 /* InfoPlist.strings */; };
		F38C2E1B16D8E0A500969D14 /* main.m in Sources */ = {isa = PBXBuildFile; fileRef = F38C2E1A16D8E0A500969D14 /* main.m */; };
		F38C2E1F16D8E0A500969D14 /* AppDelegate.m in Sources */ = {isa = PBXBuildFile; fileRef = F38C2E1E16D8E0A500969D14 /* AppDelegate.m */; };
		F38C2E2116D8E0A500969D14 /* Default.png in Resources */ = {isa = PBXBuildFile; fileRef = F38C2E2016D8E0A500969D14 /* Default.png */; };
		F38C2E2316D8E0A500969D14 /* Default@2x.png in Resources */ = {isa = PBXBuildFile; fileRef = F38C2E2216D8E0A500969D14 /* Default@2x.png */; };
		F38C2E2516D8E0A500969D14 /* Default-568h@2x.png in Resources */ = {isa = PBXBuildFile; fileRef = F38C2E2416D8E0A500969D14 /* Default-568h@2x.png */; };
		F38C2E2816D8E0A500969D14 /* MainStoryboard.storyboard in Resources */ = {isa = PBXBuildFile; fileRef = F38C2E2616D8E0A500969D14 /* MainStoryboard.storyboard */; };
/* End PBXBuildFile section */

/* Begin PBXFileReference section */
		144649481891230400E6AEB8 /* FSCluster.h */ = {isa = PBXFileReference; fileEncoding = 4; lastKnownFileType = sourcecode.c.h; path = FSCluster.h; sourceTree = "<group>"; };
		144649491891230400E6AEB8 /* FSCluster.m */ = {isa = PBXFileReference; fileEncoding = 4; lastKnownFileType = sourcecode.c.objc; path = FSCluster.m; sourceTree = "<group>"; };
		1495EFC617753839002EDF1D /* ContactInformation.h */ = {isa = PBXFileReference; fileEncoding = 4; lastKnownFileType = sourcecode.c.h; path = ContactInformation.h; sourceTree = "<group>"; };
		1495EFC717753839002EDF1D /* ContactInformation.m */ = {isa = PBXFileReference; fileEncoding = 4; lastKnownFileType = sourcecode.c.objc; path = ContactInformation.m; sourceTree = "<group>"; };
		1495EFC917753F38002EDF1D /* ProfileView.h */ = {isa = PBXFileReference; fileEncoding = 4; lastKnownFileType = sourcecode.c.h; path = ProfileView.h; sourceTree = "<group>"; };
		1495EFCA17753F38002EDF1D /* ProfileView.m */ = {isa = PBXFileReference; fileEncoding = 4; lastKnownFileType = sourcecode.c.objc; path = ProfileView.m; sourceTree = "<group>"; };
		35E7102A9C2049F2A096F4C1 /* libPods.a */ = {isa = PBXFileReference; explicitFileType = archive.ar; includeInIndex = 0; path = libPods.a; sourceTree = BUILT_PRODUCTS_DIR; };
		4D2D3DD0188EBD7000E1A113 /* FSVenue+AttributesVector.h */ = {isa = PBXFileReference; fileEncoding = 4; lastKnownFileType = sourcecode.c.h; path = "FSVenue+AttributesVector.h"; sourceTree = "<group>"; };
		4D2D3DD1188EBD7000E1A113 /* FSVenue+AttributesVector.m */ = {isa = PBXFileReference; fileEncoding = 4; lastKnownFileType = sourcecode.c.objc; path = "FSVenue+AttributesVector.m"; sourceTree = "<group>"; };
		4D649B18188D7C9400D796CE /* screenshot@2x.png */ = {isa = PBXFileReference; lastKnownFileType = image.png; path = "screenshot@2x.png"; sourceTree = "<group>"; };
		4D649B1A188D7CB900D796CE /* screenshot.png */ = {isa = PBXFileReference; lastKnownFileType = image.png; path = screenshot.png; sourceTree = "<group>"; };
		4D649B1C188D808B00D796CE /* FSLoginControllerViewController.h */ = {isa = PBXFileReference; fileEncoding = 4; lastKnownFileType = sourcecode.c.h; path = FSLoginControllerViewController.h; sourceTree = "<group>"; };
		4D649B1D188D808B00D796CE /* FSLoginControllerViewController.m */ = {isa = PBXFileReference; fileEncoding = 4; lastKnownFileType = sourcecode.c.objc; path = FSLoginControllerViewController.m; sourceTree = "<group>"; };
		4D7C3E4617744E6800D191F8 /* VenueDataSource.h */ = {isa = PBXFileReference; fileEncoding = 4; lastKnownFileType = sourcecode.c.h; path = VenueDataSource.h; sourceTree = "<group>"; };
		4D7C3E4717744E6800D191F8 /* VenueDataSource.m */ = {isa = PBXFileReference; fileEncoding = 4; lastKnownFileType = sourcecode.c.objc; path = VenueDataSource.m; sourceTree = "<group>"; };
		4D8CE2981772E2DB008D0738 /* UIAlertView+FSAlerts.h */ = {isa = PBXFileReference; fileEncoding = 4; lastKnownFileType = sourcecode.c.h; path = "UIAlertView+FSAlerts.h"; sourceTree = "<group>"; };
		4D8CE2991772E2DB008D0738 /* UIAlertView+FSAlerts.m */ = {isa = PBXFileReference; fileEncoding = 4; lastKnownFileType = sourcecode.c.objc; path = "UIAlertView+FSAlerts.m"; sourceTree = "<group>"; };
		4D8CE29B1772E574008D0738 /* clientInfo.plist */ = {isa = PBXFileReference; fileEncoding = 4; lastKnownFileType = text.plist.xml; path = clientInfo.plist; sourceTree = "<group>"; };
		4D8CE29D1772E6A2008D0738 /* FSMediator.h */ = {isa = PBXFileReference; fileEncoding = 4; lastKnownFileType = sourcecode.c.h; path = FSMediator.h; sourceTree = "<group>"; };
		4D8CE29E1772E6A3008D0738 /* FSMediator.m */ = {isa = PBXFileReference; fileEncoding = 4; lastKnownFileType = sourcecode.c.objc; path = FSMediator.m; sourceTree = "<group>"; };
		4D8EC6D61775843F0029C8FF /* foursquare-icon.png */ = {isa = PBXFileReference; lastKnownFileType = image.png; name = "foursquare-icon.png"; path = "../foursquare-icon.png"; sourceTree = "<group>"; };
		4D8EC6D8177586570029C8FF /* Default.png */ = {isa = PBXFileReference; lastKnownFileType = image.png; name = Default.png; path = ../Default.png; sourceTree = "<group>"; };
		4D92187317719CFC002C1DB9 /* FSRequestFactoryMethod.h */ = {isa = PBXFileReference; fileEncoding = 4; lastKnownFileType = sourcecode.c.h; path = FSRequestFactoryMethod.h; sourceTree = "<group>"; };
		4D92187417719CFC002C1DB9 /* FSRequestFactoryMethod.m */ = {isa = PBXFileReference; fileEncoding = 4; lastKnownFileType = sourcecode.c.objc; path = FSRequestFactoryMethod.m; sourceTree = "<group>"; };
		4D9218771771A09D002C1DB9 /* FSUserRequest.h */ = {isa = PBXFileReference; fileEncoding = 4; lastKnownFileType = sourcecode.c.h; path = FSUserRequest.h; sourceTree = "<group>"; };
		4D9218781771A09D002C1DB9 /* FSUserRequest.m */ = {isa = PBXFileReference; fileEncoding = 4; lastKnownFileType = sourcecode.c.objc; path = FSUserRequest.m; sourceTree = "<group>"; };
		4D92187A1771A343002C1DB9 /* FSVenuesRequest.h */ = {isa = PBXFileReference; fileEncoding = 4; lastKnownFileType = sourcecode.c.h; path = FSVenuesRequest.h; sourceTree = "<group>"; };
		4D92187B1771A343002C1DB9 /* FSVenuesRequest.m */ = {isa = PBXFileReference; fileEncoding = 4; lastKnownFileType = sourcecode.c.objc; path = FSVenuesRequest.m; sourceTree = "<group>"; };
		4D92187D1771A358002C1DB9 /* FSCheckinsRequest.h */ = {isa = PBXFileReference; fileEncoding = 4; lastKnownFileType = sourcecode.c.h; path = FSCheckinsRequest.h; sourceTree = "<group>"; };
		4D92187E1771A358002C1DB9 /* FSCheckinsRequest.m */ = {isa = PBXFileReference; fileEncoding = 4; lastKnownFileType = sourcecode.c.objc; path = FSCheckinsRequest.m; sourceTree = "<group>"; };
		4D9218801771A53F002C1DB9 /* FSRequest.h */ = {isa = PBXFileReference; fileEncoding = 4; lastKnownFileType = sourcecode.c.h; path = FSRequest.h; sourceTree = "<group>"; };
		4D9218811771A53F002C1DB9 /* FSRequest.m */ = {isa = PBXFileReference; fileEncoding = 4; lastKnownFileType = sourcecode.c.objc; path = FSRequest.m; sourceTree = "<group>"; };
		4DC8B2CF1785D08D00F6536E /* icon-back.png */ = {isa = PBXFileReference; lastKnownFileType = image.png; path = "icon-back.png"; sourceTree = "<group>"; };
		4DC8B2D01785D08D00F6536E /* icon-back@2x.png */ = {isa = PBXFileReference; lastKnownFileType = image.png; path = "icon-back@2x.png"; sourceTree = "<group>"; };
		4DC8B2D31785D0EC00F6536E /* UIBarButtonItem+CustomBarButtonItem.h */ = {isa = PBXFileReference; fileEncoding = 4; lastKnownFileType = sourcecode.c.h; path = "UIBarButtonItem+CustomBarButtonItem.h"; sourceTree = "<group>"; };
		4DC8B2D41785D0EC00F6536E /* UIBarButtonItem+CustomBarButtonItem.m */ = {isa = PBXFileReference; fileEncoding = 4; lastKnownFileType = sourcecode.c.objc; path = "UIBarButtonItem+CustomBarButtonItem.m"; sourceTree = "<group>"; };
		4DC8B2D61785DF4B00F6536E /* FSCheckInPostRequest.h */ = {isa = PBXFileReference; fileEncoding = 4; lastKnownFileType = sourcecode.c.h; path = FSCheckInPostRequest.h; sourceTree = "<group>"; };
		4DC8B2D71785DF4B00F6536E /* FSCheckInPostRequest.m */ = {isa = PBXFileReference; fileEncoding = 4; lastKnownFileType = sourcecode.c.objc; path = FSCheckInPostRequest.m; sourceTree = "<group>"; };
		79B679ADC30341819399EF16 /* Pods.xcconfig */ = {isa = PBXFileReference; includeInIndex = 1; lastKnownFileType = text.xcconfig; name = Pods.xcconfig; path = Pods/Pods.xcconfig; sourceTree = "<group>"; };
		7D61192F16DDF82C005AFBEE /* FSConnectionManagerDelegate.h */ = {isa = PBXFileReference; lastKnownFileType = sourcecode.c.h; path = FSConnectionManagerDelegate.h; sourceTree = "<group>"; };
		7D61193416DE6AB1005AFBEE /* 1099932_orig.png */ = {isa = PBXFileReference; lastKnownFileType = image.png; path = 1099932_orig.png; sourceTree = "<group>"; };
		7D61193616DE6E7D005AFBEE /* ProfileActionsTableViewController.h */ = {isa = PBXFileReference; fileEncoding = 4; lastKnownFileType = sourcecode.c.h; path = ProfileActionsTableViewController.h; sourceTree = "<group>"; };
		7D61193716DE6E7D005AFBEE /* ProfileActionsTableViewController.m */ = {isa = PBXFileReference; fileEncoding = 4; lastKnownFileType = sourcecode.c.objc; path = ProfileActionsTableViewController.m; sourceTree = "<group>"; };
		7DBDB1A016DE954E0092D061 /* UIView+Disable.h */ = {isa = PBXFileReference; fileEncoding = 4; lastKnownFileType = sourcecode.c.h; name = "UIView+Disable.h"; path = "../UIView+Disable.h"; sourceTree = "<group>"; };
		7DBDB1A116DE954E0092D061 /* UIView+Disable.m */ = {isa = PBXFileReference; fileEncoding = 4; lastKnownFileType = sourcecode.c.objc; name = "UIView+Disable.m"; path = "../UIView+Disable.m"; sourceTree = "<group>"; };
		7DBDB1A316DE9B160092D061 /* FSVenueDetalsViewController.h */ = {isa = PBXFileReference; fileEncoding = 4; lastKnownFileType = sourcecode.c.h; path = FSVenueDetalsViewController.h; sourceTree = "<group>"; };
		7DBDB1A416DE9B160092D061 /* FSVenueDetalsViewController.m */ = {isa = PBXFileReference; fileEncoding = 4; lastKnownFileType = sourcecode.c.objc; path = FSVenueDetalsViewController.m; sourceTree = "<group>"; };
		B3201C32188AE6BB00AA540D /* FSHistoryRequest.h */ = {isa = PBXFileReference; fileEncoding = 4; lastKnownFileType = sourcecode.c.h; path = FSHistoryRequest.h; sourceTree = "<group>"; };
		B3201C33188AE6BB00AA540D /* FSHistoryRequest.m */ = {isa = PBXFileReference; fileEncoding = 4; lastKnownFileType = sourcecode.c.objc; path = FSHistoryRequest.m; sourceTree = "<group>"; };
		B3201C3A188BFB8F00AA540D /* FSConfiguration.h */ = {isa = PBXFileReference; fileEncoding = 4; lastKnownFileType = sourcecode.c.h; path = FSConfiguration.h; sourceTree = "<group>"; };
		B3201C3B188BFB8F00AA540D /* FSConfiguration.m */ = {isa = PBXFileReference; fileEncoding = 4; lastKnownFileType = sourcecode.c.objc; path = FSConfiguration.m; sourceTree = "<group>"; };
		B3201C3D188C135C00AA540D /* FSTODORequest.h */ = {isa = PBXFileReference; fileEncoding = 4; lastKnownFileType = sourcecode.c.h; path = FSTODORequest.h; sourceTree = "<group>"; };
		B3201C3E188C135C00AA540D /* FSTODORequest.m */ = {isa = PBXFileReference; fileEncoding = 4; lastKnownFileType = sourcecode.c.objc; path = FSTODORequest.m; sourceTree = "<group>"; };
		B3201C40188C2FF000AA540D /* FSRecommender.h */ = {isa = PBXFileReference; fileEncoding = 4; lastKnownFileType = sourcecode.c.h; path = FSRecommender.h; sourceTree = "<group>"; };
		B3201C41188C2FF000AA540D /* FSRecommender.m */ = {isa = PBXFileReference; fileEncoding = 4; lastKnownFileType = sourcecode.c.objc; path = FSRecommender.m; sourceTree = "<group>"; };
		B3201C43188C4D9300AA540D /* FSCategory.h */ = {isa = PBXFileReference; fileEncoding = 4; lastKnownFileType = sourcecode.c.h; path = FSCategory.h; sourceTree = "<group>"; };
		B3201C44188C4D9300AA540D /* FSCategory.m */ = {isa = PBXFileReference; fileEncoding = 4; lastKnownFileType = sourcecode.c.objc; path = FSCategory.m; sourceTree = "<group>"; };
		B3201C46188C7CC100AA540D /* locationIcon@2x.png */ = {isa = PBXFileReference; lastKnownFileType = image.png; path = "locationIcon@2x.png"; sourceTree = "<group>"; };
		F317045E16D908B100397BF1 /* PlacesViewController.h */ = {isa = PBXFileReference; fileEncoding = 4; lastKnownFileType = sourcecode.c.h; path = PlacesViewController.h; sourceTree = "<group>"; };
		F317045F16D908B100397BF1 /* PlacesViewController.m */ = {isa = PBXFileReference; fileEncoding = 4; lastKnownFileType = sourcecode.c.objc; path = PlacesViewController.m; sourceTree = "<group>"; };
		F3471ABC16D965CB00DA5A67 /* FSConnectionManager.h */ = {isa = PBXFileReference; fileEncoding = 4; lastKnownFileType = sourcecode.c.h; path = FSConnectionManager.h; sourceTree = "<group>"; };
		F3471ABD16D965CB00DA5A67 /* FSConnectionManager.m */ = {isa = PBXFileReference; fileEncoding = 4; lastKnownFileType = sourcecode.c.objc; path = FSConnectionManager.m; sourceTree = "<group>"; };
		F3471ABF16D96B5100DA5A67 /* MapKit.framework */ = {isa = PBXFileReference; lastKnownFileType = wrapper.framework; name = MapKit.framework; path = System/Library/Frameworks/MapKit.framework; sourceTree = SDKROOT; };
		F3471AC116D9720300DA5A67 /* CoreLocation.framework */ = {isa = PBXFileReference; lastKnownFileType = wrapper.framework; name = CoreLocation.framework; path = System/Library/Frameworks/CoreLocation.framework; sourceTree = SDKROOT; };
		F3471AC316D983F600DA5A67 /* FSParser.h */ = {isa = PBXFileReference; fileEncoding = 4; lastKnownFileType = sourcecode.c.h; path = FSParser.h; sourceTree = "<group>"; };
		F3471AC416D983F600DA5A67 /* FSParser.m */ = {isa = PBXFileReference; fileEncoding = 4; lastKnownFileType = sourcecode.c.objc; path = FSParser.m; sourceTree = "<group>"; };
		F3471AC616D9868B00DA5A67 /* FSVenue.h */ = {isa = PBXFileReference; fileEncoding = 4; lastKnownFileType = sourcecode.c.h; path = FSVenue.h; sourceTree = "<group>"; };
		F3471AC716D9868B00DA5A67 /* FSVenue.m */ = {isa = PBXFileReference; fileEncoding = 4; lastKnownFileType = sourcecode.c.objc; path = FSVenue.m; sourceTree = "<group>"; };
		F3471AC916D98E6500DA5A67 /* FSVenueAnnotation.h */ = {isa = PBXFileReference; fileEncoding = 4; lastKnownFileType = sourcecode.c.h; path = FSVenueAnnotation.h; sourceTree = "<group>"; };
		F3471ACA16D98E6600DA5A67 /* FSVenueAnnotation.m */ = {isa = PBXFileReference; fileEncoding = 4; lastKnownFileType = sourcecode.c.objc; path = FSVenueAnnotation.m; sourceTree = "<group>"; };
		F3471ACE16D99BD300DA5A67 /* FSUser.h */ = {isa = PBXFileReference; fileEncoding = 4; lastKnownFileType = sourcecode.c.h; path = FSUser.h; sourceTree = "<group>"; };
		F3471ACF16D99BD300DA5A67 /* FSUser.m */ = {isa = PBXFileReference; fileEncoding = 4; lastKnownFileType = sourcecode.c.objc; path = FSUser.m; sourceTree = "<group>"; };
		F3471AD116D99D5400DA5A67 /* ProfileSwipeView.h */ = {isa = PBXFileReference; fileEncoding = 4; lastKnownFileType = sourcecode.c.h; path = ProfileSwipeView.h; sourceTree = "<group>"; };
		F3471AD216D99D5400DA5A67 /* ProfileSwipeView.m */ = {isa = PBXFileReference; fileEncoding = 4; lastKnownFileType = sourcecode.c.objc; path = ProfileSwipeView.m; sourceTree = "<group>"; };
		F3471AD416D99D8500DA5A67 /* QuartzCore.framework */ = {isa = PBXFileReference; lastKnownFileType = wrapper.framework; name = QuartzCore.framework; path = System/Library/Frameworks/QuartzCore.framework; sourceTree = SDKROOT; };
		F3471AEA16D9B48F00DA5A67 /* up.png */ = {isa = PBXFileReference; lastKnownFileType = image.png; path = up.png; sourceTree = "<group>"; };
		F3471AEB16D9B48F00DA5A67 /* up@2x.png */ = {isa = PBXFileReference; lastKnownFileType = image.png; path = "up@2x.png"; sourceTree = "<group>"; };
		F3500B2816DA483100267DD4 /* FSLocationManager.h */ = {isa = PBXFileReference; fileEncoding = 4; lastKnownFileType = sourcecode.c.h; path = FSLocationManager.h; sourceTree = "<group>"; };
		F3500B2916DA483100267DD4 /* FSLocationManager.m */ = {isa = PBXFileReference; fileEncoding = 4; lastKnownFileType = sourcecode.c.objc; path = FSLocationManager.m; sourceTree = "<group>"; };
		F38C2E0B16D8E0A500969D14 /* FSPlaces.app */ = {isa = PBXFileReference; explicitFileType = wrapper.application; includeInIndex = 0; path = FSPlaces.app; sourceTree = BUILT_PRODUCTS_DIR; };
		F38C2E0E16D8E0A500969D14 /* UIKit.framework */ = {isa = PBXFileReference; lastKnownFileType = wrapper.framework; name = UIKit.framework; path = System/Library/Frameworks/UIKit.framework; sourceTree = SDKROOT; };
		F38C2E1016D8E0A500969D14 /* Foundation.framework */ = {isa = PBXFileReference; lastKnownFileType = wrapper.framework; name = Foundation.framework; path = System/Library/Frameworks/Foundation.framework; sourceTree = SDKROOT; };
		F38C2E1216D8E0A500969D14 /* CoreGraphics.framework */ = {isa = PBXFileReference; lastKnownFileType = wrapper.framework; name = CoreGraphics.framework; path = System/Library/Frameworks/CoreGraphics.framework; sourceTree = SDKROOT; };
		F38C2E1616D8E0A500969D14 /* FSPlaces-Info.plist */ = {isa = PBXFileReference; lastKnownFileType = text.plist.xml; path = "FSPlaces-Info.plist"; sourceTree = "<group>"; };
		F38C2E1816D8E0A500969D14 /* en */ = {isa = PBXFileReference; lastKnownFileType = text.plist.strings; name = en; path = en.lproj/InfoPlist.strings; sourceTree = "<group>"; };
		F38C2E1A16D8E0A500969D14 /* main.m */ = {isa = PBXFileReference; lastKnownFileType = sourcecode.c.objc; path = main.m; sourceTree = "<group>"; };
		F38C2E1C16D8E0A500969D14 /* FSPlaces-Prefix.pch */ = {isa = PBXFileReference; lastKnownFileType = sourcecode.c.h; path = "FSPlaces-Prefix.pch"; sourceTree = "<group>"; };
		F38C2E1D16D8E0A500969D14 /* AppDelegate.h */ = {isa = PBXFileReference; lastKnownFileType = sourcecode.c.h; path = AppDelegate.h; sourceTree = "<group>"; };
		F38C2E1E16D8E0A500969D14 /* AppDelegate.m */ = {isa = PBXFileReference; lastKnownFileType = sourcecode.c.objc; path = AppDelegate.m; sourceTree = "<group>"; };
		F38C2E2016D8E0A500969D14 /* Default.png */ = {isa = PBXFileReference; lastKnownFileType = image.png; path = Default.png; sourceTree = "<group>"; };
		F38C2E2216D8E0A500969D14 /* Default@2x.png */ = {isa = PBXFileReference; lastKnownFileType = image.png; path = "Default@2x.png"; sourceTree = "<group>"; };
		F38C2E2416D8E0A500969D14 /* Default-568h@2x.png */ = {isa = PBXFileReference; lastKnownFileType = image.png; path = "Default-568h@2x.png"; sourceTree = "<group>"; };
		F38C2E2716D8E0A500969D14 /* en */ = {isa = PBXFileReference; lastKnownFileType = file.storyboard; name = en; path = en.lproj/MainStoryboard.storyboard; sourceTree = "<group>"; };
/* End PBXFileReference section */

/* Begin PBXFrameworksBuildPhase section */
		F38C2E0816D8E0A500969D14 /* Frameworks */ = {
			isa = PBXFrameworksBuildPhase;
			buildActionMask = 2147483647;
			files = (
				F3471AD516D99D8500DA5A67 /* QuartzCore.framework in Frameworks */,
				F3471AC216D9720300DA5A67 /* CoreLocation.framework in Frameworks */,
				F3471AC016D96B5100DA5A67 /* MapKit.framework in Frameworks */,
				F38C2E0F16D8E0A500969D14 /* UIKit.framework in Frameworks */,
				F38C2E1116D8E0A500969D14 /* Foundation.framework in Frameworks */,
				F38C2E1316D8E0A500969D14 /* CoreGraphics.framework in Frameworks */,
				3F94CFEC51744DD5AB1E4E10 /* libPods.a in Frameworks */,
			);
			runOnlyForDeploymentPostprocessing = 0;
		};
/* End PBXFrameworksBuildPhase section */

/* Begin PBXGroup section */
		4D7C3E4517744E4D00D191F8 /* Data Sources */ = {
			isa = PBXGroup;
			children = (
				4D7C3E4617744E6800D191F8 /* VenueDataSource.h */,
				4D7C3E4717744E6800D191F8 /* VenueDataSource.m */,
			);
			name = "Data Sources";
			sourceTree = "<group>";
		};
		4D9218761771A080002C1DB9 /* Requests */ = {
			isa = PBXGroup;
			children = (
				4D9218801771A53F002C1DB9 /* FSRequest.h */,
				4D9218811771A53F002C1DB9 /* FSRequest.m */,
				4D9218771771A09D002C1DB9 /* FSUserRequest.h */,
				4D9218781771A09D002C1DB9 /* FSUserRequest.m */,
				4D92187A1771A343002C1DB9 /* FSVenuesRequest.h */,
				4D92187B1771A343002C1DB9 /* FSVenuesRequest.m */,
				4D92187D1771A358002C1DB9 /* FSCheckinsRequest.h */,
				4D92187E1771A358002C1DB9 /* FSCheckinsRequest.m */,
				4DC8B2D61785DF4B00F6536E /* FSCheckInPostRequest.h */,
				4DC8B2D71785DF4B00F6536E /* FSCheckInPostRequest.m */,
				B3201C32188AE6BB00AA540D /* FSHistoryRequest.h */,
				B3201C33188AE6BB00AA540D /* FSHistoryRequest.m */,
				B3201C3D188C135C00AA540D /* FSTODORequest.h */,
				B3201C3E188C135C00AA540D /* FSTODORequest.m */,
			);
			name = Requests;
			sourceTree = "<group>";
		};
		4DC8B2CE1785D06400F6536E /* Resources */ = {
			isa = PBXGroup;
			children = (
				7D61193416DE6AB1005AFBEE /* 1099932_orig.png */,
				B3201C46188C7CC100AA540D /* locationIcon@2x.png */,
				4DC8B2CF1785D08D00F6536E /* icon-back.png */,
				4DC8B2D01785D08D00F6536E /* icon-back@2x.png */,
				F3471AEA16D9B48F00DA5A67 /* up.png */,
				F3471AEB16D9B48F00DA5A67 /* up@2x.png */,
				4D649B18188D7C9400D796CE /* screenshot@2x.png */,
				4D649B1A188D7CB900D796CE /* screenshot.png */,
			);
			name = Resources;
			sourceTree = "<group>";
		};
		7DBDB1A616DEC1BB0092D061 /* Controllers */ = {
			isa = PBXGroup;
			children = (
				F317045E16D908B100397BF1 /* PlacesViewController.h */,
				F317045F16D908B100397BF1 /* PlacesViewController.m */,
				7D61193616DE6E7D005AFBEE /* ProfileActionsTableViewController.h */,
				7D61193716DE6E7D005AFBEE /* ProfileActionsTableViewController.m */,
				7DBDB1A316DE9B160092D061 /* FSVenueDetalsViewController.h */,
				7DBDB1A416DE9B160092D061 /* FSVenueDetalsViewController.m */,
				4D649B1C188D808B00D796CE /* FSLoginControllerViewController.h */,
				4D649B1D188D808B00D796CE /* FSLoginControllerViewController.m */,
			);
			name = Controllers;
			sourceTree = "<group>";
		};
		7DBDB1A716DEC1E00092D061 /* Categories */ = {
			isa = PBXGroup;
			children = (
				7DBDB1A016DE954E0092D061 /* UIView+Disable.h */,
				7DBDB1A116DE954E0092D061 /* UIView+Disable.m */,
				4DC8B2D31785D0EC00F6536E /* UIBarButtonItem+CustomBarButtonItem.h */,
				4DC8B2D41785D0EC00F6536E /* UIBarButtonItem+CustomBarButtonItem.m */,
				4D8CE2981772E2DB008D0738 /* UIAlertView+FSAlerts.h */,
				4D8CE2991772E2DB008D0738 /* UIAlertView+FSAlerts.m */,
				4D2D3DD0188EBD7000E1A113 /* FSVenue+AttributesVector.h */,
				4D2D3DD1188EBD7000E1A113 /* FSVenue+AttributesVector.m */,
			);
			name = Categories;
			sourceTree = "<group>";
		};
		B3201C38188BFAAA00AA540D /* Views */ = {
			isa = PBXGroup;
			children = (
				1495EFC917753F38002EDF1D /* ProfileView.h */,
				1495EFCA17753F38002EDF1D /* ProfileView.m */,
				F3471AD116D99D5400DA5A67 /* ProfileSwipeView.h */,
				F3471AD216D99D5400DA5A67 /* ProfileSwipeView.m */,
			);
			name = Views;
			sourceTree = "<group>";
		};
		B3201C39188BFAD900AA540D /* Protocols */ = {
			isa = PBXGroup;
			children = (
				7D61192F16DDF82C005AFBEE /* FSConnectionManagerDelegate.h */,
			);
			name = Protocols;
			sourceTree = "<group>";
		};
		F3471ACC16D99BB600DA5A67 /* Managers */ = {
			isa = PBXGroup;
			children = (
				F3471ABC16D965CB00DA5A67 /* FSConnectionManager.h */,
				F3471ABD16D965CB00DA5A67 /* FSConnectionManager.m */,
				4D92187317719CFC002C1DB9 /* FSRequestFactoryMethod.h */,
				4D92187417719CFC002C1DB9 /* FSRequestFactoryMethod.m */,
				F3500B2816DA483100267DD4 /* FSLocationManager.h */,
				F3500B2916DA483100267DD4 /* FSLocationManager.m */,
				F3471AC316D983F600DA5A67 /* FSParser.h */,
				F3471AC416D983F600DA5A67 /* FSParser.m */,
				4D8CE29D1772E6A2008D0738 /* FSMediator.h */,
				4D8CE29E1772E6A3008D0738 /* FSMediator.m */,
				B3201C40188C2FF000AA540D /* FSRecommender.h */,
				B3201C41188C2FF000AA540D /* FSRecommender.m */,
				144649481891230400E6AEB8 /* FSCluster.h */,
				144649491891230400E6AEB8 /* FSCluster.m */,
			);
			name = Managers;
			sourceTree = "<group>";
		};
		F3471ACD16D99BBE00DA5A67 /* Model */ = {
			isa = PBXGroup;
			children = (
				4D9218761771A080002C1DB9 /* Requests */,
				F3471AC616D9868B00DA5A67 /* FSVenue.h */,
				F3471AC716D9868B00DA5A67 /* FSVenue.m */,
				F3471ACE16D99BD300DA5A67 /* FSUser.h */,
				F3471ACF16D99BD300DA5A67 /* FSUser.m */,
				F3471AC916D98E6500DA5A67 /* FSVenueAnnotation.h */,
				F3471ACA16D98E6600DA5A67 /* FSVenueAnnotation.m */,
				1495EFC617753839002EDF1D /* ContactInformation.h */,
				1495EFC717753839002EDF1D /* ContactInformation.m */,
				B3201C43188C4D9300AA540D /* FSCategory.h */,
				B3201C44188C4D9300AA540D /* FSCategory.m */,
			);
			name = Model;
			sourceTree = "<group>";
		};
		F38C2E0216D8E0A500969D14 = {
			isa = PBXGroup;
			children = (
				F38C2E1416D8E0A500969D14 /* FSPlaces */,
				F38C2E0D16D8E0A500969D14 /* Frameworks */,
				F38C2E0C16D8E0A500969D14 /* Products */,
				79B679ADC30341819399EF16 /* Pods.xcconfig */,
			);
			sourceTree = "<group>";
		};
		F38C2E0C16D8E0A500969D14 /* Products */ = {
			isa = PBXGroup;
			children = (
				F38C2E0B16D8E0A500969D14 /* FSPlaces.app */,
			);
			name = Products;
			sourceTree = "<group>";
		};
		F38C2E0D16D8E0A500969D14 /* Frameworks */ = {
			isa = PBXGroup;
			children = (
				F3471AD416D99D8500DA5A67 /* QuartzCore.framework */,
				F3471AC116D9720300DA5A67 /* CoreLocation.framework */,
				F3471ABF16D96B5100DA5A67 /* MapKit.framework */,
				F38C2E0E16D8E0A500969D14 /* UIKit.framework */,
				F38C2E1016D8E0A500969D14 /* Foundation.framework */,
				F38C2E1216D8E0A500969D14 /* CoreGraphics.framework */,
				35E7102A9C2049F2A096F4C1 /* libPods.a */,
			);
			name = Frameworks;
			sourceTree = "<group>";
		};
		F38C2E1416D8E0A500969D14 /* FSPlaces */ = {
			isa = PBXGroup;
			children = (
				F38C2E2616D8E0A500969D14 /* MainStoryboard.storyboard */,
				F38C2E1D16D8E0A500969D14 /* AppDelegate.h */,
				F38C2E1E16D8E0A500969D14 /* AppDelegate.m */,
				B3201C3A188BFB8F00AA540D /* FSConfiguration.h */,
				B3201C3B188BFB8F00AA540D /* FSConfiguration.m */,
				7DBDB1A716DEC1E00092D061 /* Categories */,
				B3201C39188BFAD900AA540D /* Protocols */,
				F3471ACC16D99BB600DA5A67 /* Managers */,
				4D7C3E4517744E4D00D191F8 /* Data Sources */,
				F3471ACD16D99BBE00DA5A67 /* Model */,
				B3201C38188BFAAA00AA540D /* Views */,
				7DBDB1A616DEC1BB0092D061 /* Controllers */,
				F38C2E1516D8E0A500969D14 /* Supporting Files */,
			);
			path = FSPlaces;
			sourceTree = "<group>";
		};
		F38C2E1516D8E0A500969D14 /* Supporting Files */ = {
			isa = PBXGroup;
			children = (
				4DC8B2CE1785D06400F6536E /* Resources */,
				4D8EC6D8177586570029C8FF /* Default.png */,
				4D8EC6D61775843F0029C8FF /* foursquare-icon.png */,
				F38C2E1616D8E0A500969D14 /* FSPlaces-Info.plist */,
				F38C2E1716D8E0A500969D14 /* InfoPlist.strings */,
				F38C2E1A16D8E0A500969D14 /* main.m */,
				F38C2E1C16D8E0A500969D14 /* FSPlaces-Prefix.pch */,
				F38C2E2016D8E0A500969D14 /* Default.png */,
				F38C2E2216D8E0A500969D14 /* Default@2x.png */,
				F38C2E2416D8E0A500969D14 /* Default-568h@2x.png */,
				4D8CE29B1772E574008D0738 /* clientInfo.plist */,
			);
			name = "Supporting Files";
			sourceTree = "<group>";
		};
/* End PBXGroup section */

/* Begin PBXNativeTarget section */
		F38C2E0A16D8E0A500969D14 /* FSPlaces */ = {
			isa = PBXNativeTarget;
			buildConfigurationList = F38C2E2E16D8E0A500969D14 /* Build configuration list for PBXNativeTarget "FSPlaces" */;
			buildPhases = (
				8D1F3355BC244098B8D75A72 /* Check Pods Manifest.lock */,
				F38C2E0716D8E0A500969D14 /* Sources */,
				F38C2E0816D8E0A500969D14 /* Frameworks */,
				F38C2E0916D8E0A500969D14 /* Resources */,
				35EE65C878F84D6D8C8983EC /* Copy Pods Resources */,
			);
			buildRules = (
			);
			dependencies = (
			);
			name = FSPlaces;
			productName = FSPlaces;
			productReference = F38C2E0B16D8E0A500969D14 /* FSPlaces.app */;
			productType = "com.apple.product-type.application";
		};
/* End PBXNativeTarget section */

/* Begin PBXProject section */
		F38C2E0316D8E0A500969D14 /* Project object */ = {
			isa = PBXProject;
			attributes = {
				LastUpgradeCheck = 0460;
				ORGANIZATIONNAME = MMAcademy;
			};
			buildConfigurationList = F38C2E0616D8E0A500969D14 /* Build configuration list for PBXProject "FSPlaces" */;
			compatibilityVersion = "Xcode 3.2";
			developmentRegion = English;
			hasScannedForEncodings = 0;
			knownRegions = (
				en,
			);
			mainGroup = F38C2E0216D8E0A500969D14;
			productRefGroup = F38C2E0C16D8E0A500969D14 /* Products */;
			projectDirPath = "";
			projectRoot = "";
			targets = (
				F38C2E0A16D8E0A500969D14 /* FSPlaces */,
			);
		};
/* End PBXProject section */

/* Begin PBXResourcesBuildPhase section */
		F38C2E0916D8E0A500969D14 /* Resources */ = {
			isa = PBXResourcesBuildPhase;
			buildActionMask = 2147483647;
			files = (
				F38C2E1916D8E0A500969D14 /* InfoPlist.strings in Resources */,
				F38C2E2116D8E0A500969D14 /* Default.png in Resources */,
				4D649B19188D7C9400D796CE /* screenshot@2x.png in Resources */,
				F38C2E2316D8E0A500969D14 /* Default@2x.png in Resources */,
				F38C2E2516D8E0A500969D14 /* Default-568h@2x.png in Resources */,
				F38C2E2816D8E0A500969D14 /* MainStoryboard.storyboard in Resources */,
				F3471AEC16D9B48F00DA5A67 /* up.png in Resources */,
				F3471AED16D9B48F00DA5A67 /* up@2x.png in Resources */,
				7D61193516DE6AB1005AFBEE /* 1099932_orig.png in Resources */,
				4D649B1B188D7CB900D796CE /* screenshot.png in Resources */,
				4D8CE29C1772E574008D0738 /* clientInfo.plist in Resources */,
				4D8EC6D71775843F0029C8FF /* foursquare-icon.png in Resources */,
				4D8EC6D9177586570029C8FF /* Default.png in Resources */,
				B3201C47188C7CC100AA540D /* locationIcon@2x.png in Resources */,
				4DC8B2D11785D08D00F6536E /* icon-back.png in Resources */,
				4DC8B2D21785D08D00F6536E /* icon-back@2x.png in Resources */,
			);
			runOnlyForDeploymentPostprocessing = 0;
		};
/* End PBXResourcesBuildPhase section */

/* Begin PBXShellScriptBuildPhase section */
		35EE65C878F84D6D8C8983EC /* Copy Pods Resources */ = {
			isa = PBXShellScriptBuildPhase;
			buildActionMask = 2147483647;
			files = (
			);
			inputPaths = (
			);
			name = "Copy Pods Resources";
			outputPaths = (
			);
			runOnlyForDeploymentPostprocessing = 0;
			shellPath = /bin/sh;
			shellScript = "\"${SRCROOT}/Pods/Pods-resources.sh\"\n";
			showEnvVarsInLog = 0;
		};
		8D1F3355BC244098B8D75A72 /* Check Pods Manifest.lock */ = {
			isa = PBXShellScriptBuildPhase;
			buildActionMask = 2147483647;
			files = (
			);
			inputPaths = (
			);
			name = "Check Pods Manifest.lock";
			outputPaths = (
			);
			runOnlyForDeploymentPostprocessing = 0;
			shellPath = /bin/sh;
			shellScript = "diff \"${PODS_ROOT}/../Podfile.lock\" \"${PODS_ROOT}/Manifest.lock\" > /dev/null\nif [[ $? != 0 ]] ; then\n    cat << EOM\nerror: The sandbox is not in sync with the Podfile.lock. Run 'pod install' or update your CocoaPods installation.\nEOM\n    exit 1\nfi\n";
			showEnvVarsInLog = 0;
		};
/* End PBXShellScriptBuildPhase section */

/* Begin PBXSourcesBuildPhase section */
		F38C2E0716D8E0A500969D14 /* Sources */ = {
			isa = PBXSourcesBuildPhase;
			buildActionMask = 2147483647;
			files = (
				F38C2E1B16D8E0A500969D14 /* main.m in Sources */,
				B3201C3C188BFB8F00AA540D /* FSConfiguration.m in Sources */,
				F38C2E1F16D8E0A500969D14 /* AppDelegate.m in Sources */,
				F317046016D908B100397BF1 /* PlacesViewController.m in Sources */,
				F3471ABE16D965CB00DA5A67 /* FSConnectionManager.m in Sources */,
				B3201C42188C2FF000AA540D /* FSRecommender.m in Sources */,
				F3471AC516D983F600DA5A67 /* FSParser.m in Sources */,
				F3471AC816D9868B00DA5A67 /* FSVenue.m in Sources */,
				F3471ACB16D98E6600DA5A67 /* FSVenueAnnotation.m in Sources */,
				F3471AD016D99BD300DA5A67 /* FSUser.m in Sources */,
				B3201C45188C4D9300AA540D /* FSCategory.m in Sources */,
				F3471AD316D99D5400DA5A67 /* ProfileSwipeView.m in Sources */,
				F3500B2A16DA483100267DD4 /* FSLocationManager.m in Sources */,
				7D61193816DE6E7E005AFBEE /* ProfileActionsTableViewController.m in Sources */,
				7DBDB1A216DE954E0092D061 /* UIView+Disable.m in Sources */,
				7DBDB1A516DE9B170092D061 /* FSVenueDetalsViewController.m in Sources */,
				4D649B1E188D808B00D796CE /* FSLoginControllerViewController.m in Sources */,
				B3201C3F188C135C00AA540D /* FSTODORequest.m in Sources */,
				4D92187517719CFC002C1DB9 /* FSRequestFactoryMethod.m in Sources */,
				4D9218791771A09D002C1DB9 /* FSUserRequest.m in Sources */,
				B3201C34188AE6BB00AA540D /* FSHistoryRequest.m in Sources */,
				4D92187C1771A343002C1DB9 /* FSVenuesRequest.m in Sources */,
				4D2D3DD2188EBD7000E1A113 /* FSVenue+AttributesVector.m in Sources */,
				4D92187F1771A358002C1DB9 /* FSCheckinsRequest.m in Sources */,
				4D9218821771A53F002C1DB9 /* FSRequest.m in Sources */,
				4D8CE29A1772E2DB008D0738 /* UIAlertView+FSAlerts.m in Sources */,
				4D8CE29F1772E6A3008D0738 /* FSMediator.m in Sources */,
				4D7C3E4817744E6800D191F8 /* VenueDataSource.m in Sources */,
				1446494A1891230400E6AEB8 /* FSCluster.m in Sources */,
				1495EFC817753839002EDF1D /* ContactInformation.m in Sources */,
				1495EFCB17753F38002EDF1D /* ProfileView.m in Sources */,
				4DC8B2D51785D0EC00F6536E /* UIBarButtonItem+CustomBarButtonItem.m in Sources */,
				4DC8B2D81785DF4B00F6536E /* FSCheckInPostRequest.m in Sources */,
			);
			runOnlyForDeploymentPostprocessing = 0;
		};
/* End PBXSourcesBuildPhase section */

/* Begin PBXVariantGroup section */
		F38C2E1716D8E0A500969D14 /* InfoPlist.strings */ = {
			isa = PBXVariantGroup;
			children = (
				F38C2E1816D8E0A500969D14 /* en */,
			);
			name = InfoPlist.strings;
			sourceTree = "<group>";
		};
		F38C2E2616D8E0A500969D14 /* MainStoryboard.storyboard */ = {
			isa = PBXVariantGroup;
			children = (
				F38C2E2716D8E0A500969D14 /* en */,
			);
			name = MainStoryboard.storyboard;
			sourceTree = "<group>";
		};
/* End PBXVariantGroup section */

/* Begin XCBuildConfiguration section */
		F38C2E2C16D8E0A500969D14 /* Debug */ = {
			isa = XCBuildConfiguration;
			buildSettings = {
				ALWAYS_SEARCH_USER_PATHS = NO;
				CLANG_CXX_LANGUAGE_STANDARD = "gnu++0x";
				CLANG_CXX_LIBRARY = "libc++";
				CLANG_ENABLE_OBJC_ARC = YES;
				CLANG_WARN_CONSTANT_CONVERSION = YES;
				CLANG_WARN_EMPTY_BODY = YES;
				CLANG_WARN_ENUM_CONVERSION = YES;
				CLANG_WARN_INT_CONVERSION = YES;
				CLANG_WARN__DUPLICATE_METHOD_MATCH = YES;
				"CODE_SIGN_IDENTITY[sdk=iphoneos*]" = "iPhone Developer";
				COPY_PHASE_STRIP = NO;
				GCC_C_LANGUAGE_STANDARD = gnu99;
				GCC_DYNAMIC_NO_PIC = NO;
				GCC_OPTIMIZATION_LEVEL = 0;
				GCC_PREPROCESSOR_DEFINITIONS = (
					"DEBUG=1",
					"$(inherited)",
				);
				GCC_SYMBOLS_PRIVATE_EXTERN = NO;
				GCC_WARN_ABOUT_RETURN_TYPE = YES;
				GCC_WARN_UNINITIALIZED_AUTOS = YES;
				GCC_WARN_UNUSED_VARIABLE = YES;
				IPHONEOS_DEPLOYMENT_TARGET = 6.1;
				ONLY_ACTIVE_ARCH = YES;
				SDKROOT = iphoneos;
			};
			name = Debug;
		};
		F38C2E2D16D8E0A500969D14 /* Release */ = {
			isa = XCBuildConfiguration;
			buildSettings = {
				ALWAYS_SEARCH_USER_PATHS = NO;
				CLANG_CXX_LANGUAGE_STANDARD = "gnu++0x";
				CLANG_CXX_LIBRARY = "libc++";
				CLANG_ENABLE_OBJC_ARC = YES;
				CLANG_WARN_CONSTANT_CONVERSION = YES;
				CLANG_WARN_EMPTY_BODY = YES;
				CLANG_WARN_ENUM_CONVERSION = YES;
				CLANG_WARN_INT_CONVERSION = YES;
				CLANG_WARN__DUPLICATE_METHOD_MATCH = YES;
				"CODE_SIGN_IDENTITY[sdk=iphoneos*]" = "iPhone Developer";
				COPY_PHASE_STRIP = YES;
				GCC_C_LANGUAGE_STANDARD = gnu99;
				GCC_WARN_ABOUT_RETURN_TYPE = YES;
				GCC_WARN_UNINITIALIZED_AUTOS = YES;
				GCC_WARN_UNUSED_VARIABLE = YES;
				IPHONEOS_DEPLOYMENT_TARGET = 6.1;
				OTHER_CFLAGS = "-DNS_BLOCK_ASSERTIONS=1";
				SDKROOT = iphoneos;
				VALIDATE_PRODUCT = YES;
			};
			name = Release;
		};
		F38C2E2F16D8E0A500969D14 /* Debug */ = {
			isa = XCBuildConfiguration;
			baseConfigurationReference = 79B679ADC30341819399EF16 /* Pods.xcconfig */;
			buildSettings = {
				FOURSQUARE_REDIRECT_URI = "http://abv.bg";
				GCC_PRECOMPILE_PREFIX_HEADER = YES;
				GCC_PREFIX_HEADER = "FSPlaces/FSPlaces-Prefix.pch";
				INFOPLIST_FILE = "FSPlaces/FSPlaces-Info.plist";
				PRODUCT_NAME = "$(TARGET_NAME)";
				WRAPPER_EXTENSION = app;
			};
			name = Debug;
		};
		F38C2E3016D8E0A500969D14 /* Release */ = {
			isa = XCBuildConfiguration;
			baseConfigurationReference = 79B679ADC30341819399EF16 /* Pods.xcconfig */;
			buildSettings = {
				FOURSQUARE_REDIRECT_URI = "http://abv.bg";
				GCC_PRECOMPILE_PREFIX_HEADER = YES;
				GCC_PREFIX_HEADER = "FSPlaces/FSPlaces-Prefix.pch";
				INFOPLIST_FILE = "FSPlaces/FSPlaces-Info.plist";
				PRODUCT_NAME = "$(TARGET_NAME)";
				WRAPPER_EXTENSION = app;
			};
			name = Release;
		};
/* End XCBuildConfiguration section */

/* Begin XCConfigurationList section */
		F38C2E0616D8E0A500969D14 /* Build configuration list for PBXProject "FSPlaces" */ = {
			isa = XCConfigurationList;
			buildConfigurations = (
				F38C2E2C16D8E0A500969D14 /* Debug */,
				F38C2E2D16D8E0A500969D14 /* Release */,
			);
			defaultConfigurationIsVisible = 0;
			defaultConfigurationName = Release;
		};
		F38C2E2E16D8E0A500969D14 /* Build configuration list for PBXNativeTarget "FSPlaces" */ = {
			isa = XCConfigurationList;
			buildConfigurations = (
				F38C2E2F16D8E0A500969D14 /* Debug */,
				F38C2E3016D8E0A500969D14 /* Release */,
			);
			defaultConfigurationIsVisible = 0;
			defaultConfigurationName = Release;
		};
/* End XCConfigurationList section */
	};
	rootObject = F38C2E0316D8E0A500969D14 /* Project object */;
}
